// !$*UTF8*$!
{
	archiveVersion = 1;
	classes = {
	};
	objectVersion = 56;
	objects = {

/* Begin PBXBuildFile section */
		A872FAC72864267300F15371 /* GuessTheFlagApp.swift in Sources */ = {isa = PBXBuildFile; fileRef = A872FAC62864267300F15371 /* GuessTheFlagApp.swift */; };
		A872FAC92864267300F15371 /* ContentView.swift in Sources */ = {isa = PBXBuildFile; fileRef = A872FAC82864267300F15371 /* ContentView.swift */; };
		A872FACB2864267400F15371 /* Assets.xcassets in Resources */ = {isa = PBXBuildFile; fileRef = A872FACA2864267400F15371 /* Assets.xcassets */; };
		A872FACE2864267400F15371 /* Preview Assets.xcassets in Resources */ = {isa = PBXBuildFile; fileRef = A872FACD2864267400F15371 /* Preview Assets.xcassets */; };
		A872FAD32864267400F15371 /* GuessTheFlag.xcdatamodeld in Sources */ = {isa = PBXBuildFile; fileRef = A872FAD12864267400F15371 /* GuessTheFlag.xcdatamodeld */; };
		A872FADD2864267400F15371 /* GuessTheFlagTests.swift in Sources */ = {isa = PBXBuildFile; fileRef = A872FADC2864267400F15371 /* GuessTheFlagTests.swift */; };
		A872FAE72864267400F15371 /* GuessTheFlagUITests.swift in Sources */ = {isa = PBXBuildFile; fileRef = A872FAE62864267400F15371 /* GuessTheFlagUITests.swift */; };
		A872FAE92864267400F15371 /* GuessTheFlagUITestsLaunchTests.swift in Sources */ = {isa = PBXBuildFile; fileRef = A872FAE82864267400F15371 /* GuessTheFlagUITestsLaunchTests.swift */; };
/* End PBXBuildFile section */

/* Begin PBXContainerItemProxy section */
		A872FAD92864267400F15371 /* PBXContainerItemProxy */ = {
			isa = PBXContainerItemProxy;
			containerPortal = A872FABB2864267300F15371 /* Project object */;
			proxyType = 1;
			remoteGlobalIDString = A872FAC22864267300F15371;
			remoteInfo = GuessTheFlag;
		};
		A872FAE32864267400F15371 /* PBXContainerItemProxy */ = {
			isa = PBXContainerItemProxy;
			containerPortal = A872FABB2864267300F15371 /* Project object */;
			proxyType = 1;
			remoteGlobalIDString = A872FAC22864267300F15371;
			remoteInfo = GuessTheFlag;
		};
/* End PBXContainerItemProxy section */

/* Begin PBXFileReference section */
		A872FAC32864267300F15371 /* GuessTheFlag.app */ = {isa = PBXFileReference; explicitFileType = wrapper.application; includeInIndex = 0; path = GuessTheFlag.app; sourceTree = BUILT_PRODUCTS_DIR; };
		A872FAC62864267300F15371 /* GuessTheFlagApp.swift */ = {isa = PBXFileReference; lastKnownFileType = sourcecode.swift; path = GuessTheFlagApp.swift; sourceTree = "<group>"; };
		A872FAC82864267300F15371 /* ContentView.swift */ = {isa = PBXFileReference; lastKnownFileType = sourcecode.swift; path = ContentView.swift; sourceTree = "<group>"; };
		A872FACA2864267400F15371 /* Assets.xcassets */ = {isa = PBXFileReference; lastKnownFileType = folder.assetcatalog; path = Assets.xcassets; sourceTree = "<group>"; };
		A872FACD2864267400F15371 /* Preview Assets.xcassets */ = {isa = PBXFileReference; lastKnownFileType = folder.assetcatalog; path = "Preview Assets.xcassets"; sourceTree = "<group>"; };
		A872FAD22864267400F15371 /* GuessTheFlag.xcdatamodel */ = {isa = PBXFileReference; lastKnownFileType = wrapper.xcdatamodel; path = GuessTheFlag.xcdatamodel; sourceTree = "<group>"; };
		A872FAD82864267400F15371 /* GuessTheFlagTests.xctest */ = {isa = PBXFileReference; explicitFileType = wrapper.cfbundle; includeInIndex = 0; path = GuessTheFlagTests.xctest; sourceTree = BUILT_PRODUCTS_DIR; };
		A872FADC2864267400F15371 /* GuessTheFlagTests.swift */ = {isa = PBXFileReference; lastKnownFileType = sourcecode.swift; path = GuessTheFlagTests.swift; sourceTree = "<group>"; };
		A872FAE22864267400F15371 /* GuessTheFlagUITests.xctest */ = {isa = PBXFileReference; explicitFileType = wrapper.cfbundle; includeInIndex = 0; path = GuessTheFlagUITests.xctest; sourceTree = BUILT_PRODUCTS_DIR; };
		A872FAE62864267400F15371 /* GuessTheFlagUITests.swift */ = {isa = PBXFileReference; lastKnownFileType = sourcecode.swift; path = GuessTheFlagUITests.swift; sourceTree = "<group>"; };
		A872FAE82864267400F15371 /* GuessTheFlagUITestsLaunchTests.swift */ = {isa = PBXFileReference; lastKnownFileType = sourcecode.swift; path = GuessTheFlagUITestsLaunchTests.swift; sourceTree = "<group>"; };
/* End PBXFileReference section */

/* Begin PBXFrameworksBuildPhase section */
		A872FAC02864267300F15371 /* Frameworks */ = {
			isa = PBXFrameworksBuildPhase;
			buildActionMask = 2147483647;
			files = (
			);
			runOnlyForDeploymentPostprocessing = 0;
		};
		A872FAD52864267400F15371 /* Frameworks */ = {
			isa = PBXFrameworksBuildPhase;
			buildActionMask = 2147483647;
			files = (
			);
			runOnlyForDeploymentPostprocessing = 0;
		};
		A872FADF2864267400F15371 /* Frameworks */ = {
			isa = PBXFrameworksBuildPhase;
			buildActionMask = 2147483647;
			files = (
			);
			runOnlyForDeploymentPostprocessing = 0;
		};
/* End PBXFrameworksBuildPhase section */

/* Begin PBXGroup section */
		A872FABA2864267300F15371 = {
			isa = PBXGroup;
			children = (
				A872FAC52864267300F15371 /* GuessTheFlag */,
				A872FADB2864267400F15371 /* GuessTheFlagTests */,
				A872FAE52864267400F15371 /* GuessTheFlagUITests */,
				A872FAC42864267300F15371 /* Products */,
			);
			sourceTree = "<group>";
		};
		A872FAC42864267300F15371 /* Products */ = {
			isa = PBXGroup;
			children = (
				A872FAC32864267300F15371 /* GuessTheFlag.app */,
				A872FAD82864267400F15371 /* GuessTheFlagTests.xctest */,
				A872FAE22864267400F15371 /* GuessTheFlagUITests.xctest */,
			);
			name = Products;
			sourceTree = "<group>";
		};
		A872FAC52864267300F15371 /* GuessTheFlag */ = {
			isa = PBXGroup;
			children = (
				A872FAC62864267300F15371 /* GuessTheFlagApp.swift */,
				A872FAC82864267300F15371 /* ContentView.swift */,
				A872FACA2864267400F15371 /* Assets.xcassets */,
				A872FAD12864267400F15371 /* GuessTheFlag.xcdatamodeld */,
				A872FACC2864267400F15371 /* Preview Content */,
			);
			path = GuessTheFlag;
			sourceTree = "<group>";
		};
		A872FACC2864267400F15371 /* Preview Content */ = {
			isa = PBXGroup;
			children = (
				A872FACD2864267400F15371 /* Preview Assets.xcassets */,
			);
			path = "Preview Content";
			sourceTree = "<group>";
		};
		A872FADB2864267400F15371 /* GuessTheFlagTests */ = {
			isa = PBXGroup;
			children = (
				A872FADC2864267400F15371 /* GuessTheFlagTests.swift */,
			);
			path = GuessTheFlagTests;
			sourceTree = "<group>";
		};
		A872FAE52864267400F15371 /* GuessTheFlagUITests */ = {
			isa = PBXGroup;
			children = (
				A872FAE62864267400F15371 /* GuessTheFlagUITests.swift */,
				A872FAE82864267400F15371 /* GuessTheFlagUITestsLaunchTests.swift */,
			);
			path = GuessTheFlagUITests;
			sourceTree = "<group>";
		};
/* End PBXGroup section */

/* Begin PBXNativeTarget section */
		A872FAC22864267300F15371 /* GuessTheFlag */ = {
			isa = PBXNativeTarget;
			buildConfigurationList = A872FAEC2864267400F15371 /* Build configuration list for PBXNativeTarget "GuessTheFlag" */;
			buildPhases = (
				A872FABF2864267300F15371 /* Sources */,
				A872FAC02864267300F15371 /* Frameworks */,
				A872FAC12864267300F15371 /* Resources */,
			);
			buildRules = (
			);
			dependencies = (
			);
			name = GuessTheFlag;
			productName = GuessTheFlag;
			productReference = A872FAC32864267300F15371 /* GuessTheFlag.app */;
			productType = "com.apple.product-type.application";
		};
		A872FAD72864267400F15371 /* GuessTheFlagTests */ = {
			isa = PBXNativeTarget;
			buildConfigurationList = A872FAEF2864267400F15371 /* Build configuration list for PBXNativeTarget "GuessTheFlagTests" */;
			buildPhases = (
				A872FAD42864267400F15371 /* Sources */,
				A872FAD52864267400F15371 /* Frameworks */,
				A872FAD62864267400F15371 /* Resources */,
			);
			buildRules = (
			);
			dependencies = (
				A872FADA2864267400F15371 /* PBXTargetDependency */,
			);
			name = GuessTheFlagTests;
			productName = GuessTheFlagTests;
			productReference = A872FAD82864267400F15371 /* GuessTheFlagTests.xctest */;
			productType = "com.apple.product-type.bundle.unit-test";
		};
		A872FAE12864267400F15371 /* GuessTheFlagUITests */ = {
			isa = PBXNativeTarget;
			buildConfigurationList = A872FAF22864267400F15371 /* Build configuration list for PBXNativeTarget "GuessTheFlagUITests" */;
			buildPhases = (
				A872FADE2864267400F15371 /* Sources */,
				A872FADF2864267400F15371 /* Frameworks */,
				A872FAE02864267400F15371 /* Resources */,
			);
			buildRules = (
			);
			dependencies = (
				A872FAE42864267400F15371 /* PBXTargetDependency */,
			);
			name = GuessTheFlagUITests;
			productName = GuessTheFlagUITests;
			productReference = A872FAE22864267400F15371 /* GuessTheFlagUITests.xctest */;
			productType = "com.apple.product-type.bundle.ui-testing";
		};
/* End PBXNativeTarget section */

/* Begin PBXProject section */
		A872FABB2864267300F15371 /* Project object */ = {
			isa = PBXProject;
			attributes = {
				BuildIndependentTargetsInParallel = 1;
				LastSwiftUpdateCheck = 1400;
				LastUpgradeCheck = 1400;
				TargetAttributes = {
					A872FAC22864267300F15371 = {
						CreatedOnToolsVersion = 14.0;
					};
					A872FAD72864267400F15371 = {
						CreatedOnToolsVersion = 14.0;
						TestTargetID = A872FAC22864267300F15371;
					};
					A872FAE12864267400F15371 = {
						CreatedOnToolsVersion = 14.0;
						TestTargetID = A872FAC22864267300F15371;
					};
				};
			};
			buildConfigurationList = A872FABE2864267300F15371 /* Build configuration list for PBXProject "GuessTheFlag" */;
			compatibilityVersion = "Xcode 14.0";
			developmentRegion = en;
			hasScannedForEncodings = 0;
			knownRegions = (
				en,
				Base,
			);
			mainGroup = A872FABA2864267300F15371;
			productRefGroup = A872FAC42864267300F15371 /* Products */;
			projectDirPath = "";
			projectRoot = "";
			targets = (
				A872FAC22864267300F15371 /* GuessTheFlag */,
				A872FAD72864267400F15371 /* GuessTheFlagTests */,
				A872FAE12864267400F15371 /* GuessTheFlagUITests */,
			);
		};
/* End PBXProject section */

/* Begin PBXResourcesBuildPhase section */
		A872FAC12864267300F15371 /* Resources */ = {
			isa = PBXResourcesBuildPhase;
			buildActionMask = 2147483647;
			files = (
				A872FACE2864267400F15371 /* Preview Assets.xcassets in Resources */,
				A872FACB2864267400F15371 /* Assets.xcassets in Resources */,
			);
			runOnlyForDeploymentPostprocessing = 0;
		};
		A872FAD62864267400F15371 /* Resources */ = {
			isa = PBXResourcesBuildPhase;
			buildActionMask = 2147483647;
			files = (
			);
			runOnlyForDeploymentPostprocessing = 0;
		};
		A872FAE02864267400F15371 /* Resources */ = {
			isa = PBXResourcesBuildPhase;
			buildActionMask = 2147483647;
			files = (
			);
			runOnlyForDeploymentPostprocessing = 0;
		};
/* End PBXResourcesBuildPhase section */

/* Begin PBXSourcesBuildPhase section */
		A872FABF2864267300F15371 /* Sources */ = {
			isa = PBXSourcesBuildPhase;
			buildActionMask = 2147483647;
			files = (
				A872FAC92864267300F15371 /* ContentView.swift in Sources */,
				A872FAC72864267300F15371 /* GuessTheFlagApp.swift in Sources */,
				A872FAD32864267400F15371 /* GuessTheFlag.xcdatamodeld in Sources */,
			);
			runOnlyForDeploymentPostprocessing = 0;
		};
		A872FAD42864267400F15371 /* Sources */ = {
			isa = PBXSourcesBuildPhase;
			buildActionMask = 2147483647;
			files = (
				A872FADD2864267400F15371 /* GuessTheFlagTests.swift in Sources */,
			);
			runOnlyForDeploymentPostprocessing = 0;
		};
		A872FADE2864267400F15371 /* Sources */ = {
			isa = PBXSourcesBuildPhase;
			buildActionMask = 2147483647;
			files = (
				A872FAE92864267400F15371 /* GuessTheFlagUITestsLaunchTests.swift in Sources */,
				A872FAE72864267400F15371 /* GuessTheFlagUITests.swift in Sources */,
			);
			runOnlyForDeploymentPostprocessing = 0;
		};
/* End PBXSourcesBuildPhase section */

/* Begin PBXTargetDependency section */
		A872FADA2864267400F15371 /* PBXTargetDependency */ = {
			isa = PBXTargetDependency;
			target = A872FAC22864267300F15371 /* GuessTheFlag */;
			targetProxy = A872FAD92864267400F15371 /* PBXContainerItemProxy */;
		};
		A872FAE42864267400F15371 /* PBXTargetDependency */ = {
			isa = PBXTargetDependency;
			target = A872FAC22864267300F15371 /* GuessTheFlag */;
			targetProxy = A872FAE32864267400F15371 /* PBXContainerItemProxy */;
		};
/* End PBXTargetDependency section */

/* Begin XCBuildConfiguration section */
		A872FAEA2864267400F15371 /* Debug */ = {
			isa = XCBuildConfiguration;
			buildSettings = {
				ALWAYS_SEARCH_USER_PATHS = NO;
				CLANG_ANALYZER_NONNULL = YES;
				CLANG_ANALYZER_NUMBER_OBJECT_CONVERSION = YES_AGGRESSIVE;
				CLANG_CXX_LANGUAGE_STANDARD = "gnu++17";
				CLANG_ENABLE_MODULES = YES;
				CLANG_ENABLE_OBJC_ARC = YES;
				CLANG_ENABLE_OBJC_WEAK = YES;
				CLANG_WARN_BLOCK_CAPTURE_AUTORELEASING = YES;
				CLANG_WARN_BOOL_CONVERSION = YES;
				CLANG_WARN_COMMA = YES;
				CLANG_WARN_CONSTANT_CONVERSION = YES;
				CLANG_WARN_DEPRECATED_OBJC_IMPLEMENTATIONS = YES;
				CLANG_WARN_DIRECT_OBJC_ISA_USAGE = YES_ERROR;
				CLANG_WARN_DOCUMENTATION_COMMENTS = YES;
				CLANG_WARN_EMPTY_BODY = YES;
				CLANG_WARN_ENUM_CONVERSION = YES;
				CLANG_WARN_INFINITE_RECURSION = YES;
				CLANG_WARN_INT_CONVERSION = YES;
				CLANG_WARN_NON_LITERAL_NULL_CONVERSION = YES;
				CLANG_WARN_OBJC_IMPLICIT_RETAIN_SELF = YES;
				CLANG_WARN_OBJC_LITERAL_CONVERSION = YES;
				CLANG_WARN_OBJC_ROOT_CLASS = YES_ERROR;
				CLANG_WARN_QUOTED_INCLUDE_IN_FRAMEWORK_HEADER = YES;
				CLANG_WARN_RANGE_LOOP_ANALYSIS = YES;
				CLANG_WARN_STRICT_PROTOTYPES = YES;
				CLANG_WARN_SUSPICIOUS_MOVE = YES;
				CLANG_WARN_UNGUARDED_AVAILABILITY = YES_AGGRESSIVE;
				CLANG_WARN_UNREACHABLE_CODE = YES;
				CLANG_WARN__DUPLICATE_METHOD_MATCH = YES;
				COPY_PHASE_STRIP = NO;
				DEBUG_INFORMATION_FORMAT = dwarf;
				ENABLE_STRICT_OBJC_MSGSEND = YES;
				ENABLE_TESTABILITY = YES;
				GCC_C_LANGUAGE_STANDARD = gnu11;
				GCC_DYNAMIC_NO_PIC = NO;
				GCC_NO_COMMON_BLOCKS = YES;
				GCC_OPTIMIZATION_LEVEL = 0;
				GCC_PREPROCESSOR_DEFINITIONS = (
					"DEBUG=1",
					"$(inherited)",
				);
				GCC_WARN_64_TO_32_BIT_CONVERSION = YES;
				GCC_WARN_ABOUT_RETURN_TYPE = YES_ERROR;
				GCC_WARN_UNDECLARED_SELECTOR = YES;
				GCC_WARN_UNINITIALIZED_AUTOS = YES_AGGRESSIVE;
				GCC_WARN_UNUSED_FUNCTION = YES;
				GCC_WARN_UNUSED_VARIABLE = YES;
				IPHONEOS_DEPLOYMENT_TARGET = 16.0;
				MTL_ENABLE_DEBUG_INFO = INCLUDE_SOURCE;
				MTL_FAST_MATH = YES;
				ONLY_ACTIVE_ARCH = YES;
				SDKROOT = iphoneos;
				SWIFT_ACTIVE_COMPILATION_CONDITIONS = DEBUG;
				SWIFT_OPTIMIZATION_LEVEL = "-Onone";
			};
			name = Debug;
		};
		A872FAEB2864267400F15371 /* Release */ = {
			isa = XCBuildConfiguration;
			buildSettings = {
				ALWAYS_SEARCH_USER_PATHS = NO;
				CLANG_ANALYZER_NONNULL = YES;
				CLANG_ANALYZER_NUMBER_OBJECT_CONVERSION = YES_AGGRESSIVE;
				CLANG_CXX_LANGUAGE_STANDARD = "gnu++17";
				CLANG_ENABLE_MODULES = YES;
				CLANG_ENABLE_OBJC_ARC = YES;
				CLANG_ENABLE_OBJC_WEAK = YES;
				CLANG_WARN_BLOCK_CAPTURE_AUTORELEASING = YES;
				CLANG_WARN_BOOL_CONVERSION = YES;
				CLANG_WARN_COMMA = YES;
				CLANG_WARN_CONSTANT_CONVERSION = YES;
				CLANG_WARN_DEPRECATED_OBJC_IMPLEMENTATIONS = YES;
				CLANG_WARN_DIRECT_OBJC_ISA_USAGE = YES_ERROR;
				CLANG_WARN_DOCUMENTATION_COMMENTS = YES;
				CLANG_WARN_EMPTY_BODY = YES;
				CLANG_WARN_ENUM_CONVERSION = YES;
				CLANG_WARN_INFINITE_RECURSION = YES;
				CLANG_WARN_INT_CONVERSION = YES;
				CLANG_WARN_NON_LITERAL_NULL_CONVERSION = YES;
				CLANG_WARN_OBJC_IMPLICIT_RETAIN_SELF = YES;
				CLANG_WARN_OBJC_LITERAL_CONVERSION = YES;
				CLANG_WARN_OBJC_ROOT_CLASS = YES_ERROR;
				CLANG_WARN_QUOTED_INCLUDE_IN_FRAMEWORK_HEADER = YES;
				CLANG_WARN_RANGE_LOOP_ANALYSIS = YES;
				CLANG_WARN_STRICT_PROTOTYPES = YES;
				CLANG_WARN_SUSPICIOUS_MOVE = YES;
				CLANG_WARN_UNGUARDED_AVAILABILITY = YES_AGGRESSIVE;
				CLANG_WARN_UNREACHABLE_CODE = YES;
				CLANG_WARN__DUPLICATE_METHOD_MATCH = YES;
				COPY_PHASE_STRIP = NO;
				DEBUG_INFORMATION_FORMAT = "dwarf-with-dsym";
				ENABLE_NS_ASSERTIONS = NO;
				ENABLE_STRICT_OBJC_MSGSEND = YES;
				GCC_C_LANGUAGE_STANDARD = gnu11;
				GCC_NO_COMMON_BLOCKS = YES;
				GCC_WARN_64_TO_32_BIT_CONVERSION = YES;
				GCC_WARN_ABOUT_RETURN_TYPE = YES_ERROR;
				GCC_WARN_UNDECLARED_SELECTOR = YES;
				GCC_WARN_UNINITIALIZED_AUTOS = YES_AGGRESSIVE;
				GCC_WARN_UNUSED_FUNCTION = YES;
				GCC_WARN_UNUSED_VARIABLE = YES;
				IPHONEOS_DEPLOYMENT_TARGET = 16.0;
				MTL_ENABLE_DEBUG_INFO = NO;
				MTL_FAST_MATH = YES;
				SDKROOT = iphoneos;
				SWIFT_COMPILATION_MODE = wholemodule;
				SWIFT_OPTIMIZATION_LEVEL = "-O";
				VALIDATE_PRODUCT = YES;
			};
			name = Release;
		};
		A872FAED2864267400F15371 /* Debug */ = {
			isa = XCBuildConfiguration;
			buildSettings = {
				ASSETCATALOG_COMPILER_APPICON_NAME = AppIcon;
				ASSETCATALOG_COMPILER_GLOBAL_ACCENT_COLOR_NAME = AccentColor;
				CODE_SIGN_STYLE = Automatic;
				CURRENT_PROJECT_VERSION = 1;
				DEVELOPMENT_ASSET_PATHS = "\"GuessTheFlag/Preview Content\"";
				DEVELOPMENT_TEAM = 5A5Q8Y9MV9;
				ENABLE_PREVIEWS = YES;
				GENERATE_INFOPLIST_FILE = YES;
				INFOPLIST_KEY_UIApplicationSceneManifest_Generation = YES;
				INFOPLIST_KEY_UIApplicationSupportsIndirectInputEvents = YES;
				INFOPLIST_KEY_UILaunchScreen_Generation = YES;
				INFOPLIST_KEY_UISupportedInterfaceOrientations_iPad = "UIInterfaceOrientationPortrait UIInterfaceOrientationPortraitUpsideDown UIInterfaceOrientationLandscapeLeft UIInterfaceOrientationLandscapeRight";
				INFOPLIST_KEY_UISupportedInterfaceOrientations_iPhone = "UIInterfaceOrientationPortrait UIInterfaceOrientationLandscapeLeft UIInterfaceOrientationLandscapeRight";
				LD_RUNPATH_SEARCH_PATHS = (
					"$(inherited)",
					"@executable_path/Frameworks",
				);
				MARKETING_VERSION = 1.0;
				PRODUCT_BUNDLE_IDENTIFIER = fateen.GuessTheFlag;
				PRODUCT_NAME = "$(TARGET_NAME)";
				SWIFT_EMIT_LOC_STRINGS = YES;
				SWIFT_VERSION = 5.0;
				TARGETED_DEVICE_FAMILY = "1,2";
			};
			name = Debug;
		};
		A872FAEE2864267400F15371 /* Release */ = {
			isa = XCBuildConfiguration;
			buildSettings = {
				ASSETCATALOG_COMPILER_APPICON_NAME = AppIcon;
				ASSETCATALOG_COMPILER_GLOBAL_ACCENT_COLOR_NAME = AccentColor;
				CODE_SIGN_STYLE = Automatic;
				CURRENT_PROJECT_VERSION = 1;
				DEVELOPMENT_ASSET_PATHS = "\"GuessTheFlag/Preview Content\"";
				DEVELOPMENT_TEAM = 5A5Q8Y9MV9;
				ENABLE_PREVIEWS = YES;
				GENERATE_INFOPLIST_FILE = YES;
				INFOPLIST_KEY_UIApplicationSceneManifest_Generation = YES;
				INFOPLIST_KEY_UIApplicationSupportsIndirectInputEvents = YES;
				INFOPLIST_KEY_UILaunchScreen_Generation = YES;
				INFOPLIST_KEY_UISupportedInterfaceOrientations_iPad = "UIInterfaceOrientationPortrait UIInterfaceOrientationPortraitUpsideDown UIInterfaceOrientationLandscapeLeft UIInterfaceOrientationLandscapeRight";
				INFOPLIST_KEY_UISupportedInterfaceOrientations_iPhone = "UIInterfaceOrientationPortrait UIInterfaceOrientationLandscapeLeft UIInterfaceOrientationLandscapeRight";
				LD_RUNPATH_SEARCH_PATHS = (
					"$(inherited)",
					"@executable_path/Frameworks",
				);
				MARKETING_VERSION = 1.0;
				PRODUCT_BUNDLE_IDENTIFIER = fateen.GuessTheFlag;
				PRODUCT_NAME = "$(TARGET_NAME)";
				SWIFT_EMIT_LOC_STRINGS = YES;
				SWIFT_VERSION = 5.0;
				TARGETED_DEVICE_FAMILY = "1,2";
			};
			name = Release;
		};
		A872FAF02864267400F15371 /* Debug */ = {
			isa = XCBuildConfiguration;
			buildSettings = {
				ALWAYS_EMBED_SWIFT_STANDARD_LIBRARIES = YES;
				BUNDLE_LOADER = "$(TEST_HOST)";
				CODE_SIGN_STYLE = Automatic;
				CURRENT_PROJECT_VERSION = 1;
				DEVELOPMENT_TEAM = 5A5Q8Y9MV9;
				GENERATE_INFOPLIST_FILE = YES;
				IPHONEOS_DEPLOYMENT_TARGET = 16.0;
				MARKETING_VERSION = 1.0;
				PRODUCT_BUNDLE_IDENTIFIER = fateen.GuessTheFlagTests;
				PRODUCT_NAME = "$(TARGET_NAME)";
				SWIFT_EMIT_LOC_STRINGS = NO;
				SWIFT_VERSION = 5.0;
				TARGETED_DEVICE_FAMILY = "1,2";
				TEST_HOST = "$(BUILT_PRODUCTS_DIR)/GuessTheFlag.app/$(BUNDLE_EXECUTABLE_FOLDER_PATH)/GuessTheFlag";
			};
			name = Debug;
		};
		A872FAF12864267400F15371 /* Release */ = {
			isa = XCBuildConfiguration;
			buildSettings = {
				ALWAYS_EMBED_SWIFT_STANDARD_LIBRARIES = YES;
				BUNDLE_LOADER = "$(TEST_HOST)";
				CODE_SIGN_STYLE = Automatic;
				CURRENT_PROJECT_VERSION = 1;
				DEVELOPMENT_TEAM = 5A5Q8Y9MV9;
				GENERATE_INFOPLIST_FILE = YES;
				IPHONEOS_DEPLOYMENT_TARGET = 16.0;
				MARKETING_VERSION = 1.0;
				PRODUCT_BUNDLE_IDENTIFIER = fateen.GuessTheFlagTests;
				PRODUCT_NAME = "$(TARGET_NAME)";
				SWIFT_EMIT_LOC_STRINGS = NO;
				SWIFT_VERSION = 5.0;
				TARGETED_DEVICE_FAMILY = "1,2";
				TEST_HOST = "$(BUILT_PRODUCTS_DIR)/GuessTheFlag.app/$(BUNDLE_EXECUTABLE_FOLDER_PATH)/GuessTheFlag";
			};
			name = Release;
		};
		A872FAF32864267400F15371 /* Debug */ = {
			isa = XCBuildConfiguration;
			buildSettings = {
				ALWAYS_EMBED_SWIFT_STANDARD_LIBRARIES = YES;
				CODE_SIGN_STYLE = Automatic;
				CURRENT_PROJECT_VERSION = 1;
				DEVELOPMENT_TEAM = 5A5Q8Y9MV9;
				GENERATE_INFOPLIST_FILE = YES;
				MARKETING_VERSION = 1.0;
				PRODUCT_BUNDLE_IDENTIFIER = fateen.GuessTheFlagUITests;
				PRODUCT_NAME = "$(TARGET_NAME)";
				SWIFT_EMIT_LOC_STRINGS = NO;
				SWIFT_VERSION = 5.0;
				TARGETED_DEVICE_FAMILY = "1,2";
				TEST_TARGET_NAME = GuessTheFlag;
			};
			name = Debug;
		};
		A872FAF42864267400F15371 /* Release */ = {
			isa = XCBuildConfiguration;
			buildSettings = {
				ALWAYS_EMBED_SWIFT_STANDARD_LIBRARIES = YES;
				CODE_SIGN_STYLE = Automatic;
				CURRENT_PROJECT_VERSION = 1;
				DEVELOPMENT_TEAM = 5A5Q8Y9MV9;
				GENERATE_INFOPLIST_FILE = YES;
				MARKETING_VERSION = 1.0;
				PRODUCT_BUNDLE_IDENTIFIER = fateen.GuessTheFlagUITests;
				PRODUCT_NAME = "$(TARGET_NAME)";
				SWIFT_EMIT_LOC_STRINGS = NO;
				SWIFT_VERSION = 5.0;
				TARGETED_DEVICE_FAMILY = "1,2";
				TEST_TARGET_NAME = GuessTheFlag;
			};
			name = Release;
		};
/* End XCBuildConfiguration section */

/* Begin XCConfigurationList section */
		A872FABE2864267300F15371 /* Build configuration list for PBXProject "GuessTheFlag" */ = {
			isa = XCConfigurationList;
			buildConfigurations = (
				A872FAEA2864267400F15371 /* Debug */,
				A872FAEB2864267400F15371 /* Release */,
			);
			defaultConfigurationIsVisible = 0;
			defaultConfigurationName = Release;
		};
		A872FAEC2864267400F15371 /* Build configuration list for PBXNativeTarget "GuessTheFlag" */ = {
			isa = XCConfigurationList;
			buildConfigurations = (
				A872FAED2864267400F15371 /* Debug */,
				A872FAEE2864267400F15371 /* Release */,
			);
			defaultConfigurationIsVisible = 0;
			defaultConfigurationName = Release;
		};
		A872FAEF2864267400F15371 /* Build configuration list for PBXNativeTarget "GuessTheFlagTests" */ = {
			isa = XCConfigurationList;
			buildConfigurations = (
				A872FAF02864267400F15371 /* Debug */,
				A872FAF12864267400F15371 /* Release */,
			);
			defaultConfigurationIsVisible = 0;
			defaultConfigurationName = Release;
		};
		A872FAF22864267400F15371 /* Build configuration list for PBXNativeTarget "GuessTheFlagUITests" */ = {
			isa = XCConfigurationList;
			buildConfigurations = (
				A872FAF32864267400F15371 /* Debug */,
				A872FAF42864267400F15371 /* Release */,
			);
			defaultConfigurationIsVisible = 0;
			defaultConfigurationName = Release;
		};
/* End XCConfigurationList section */

/* Begin XCVersionGroup section */
		A872FAD12864267400F15371 /* GuessTheFlag.xcdatamodeld */ = {
			isa = XCVersionGroup;
			children = (
				A872FAD22864267400F15371 /* GuessTheFlag.xcdatamodel */,
			);
			currentVersion = A872FAD22864267400F15371 /* GuessTheFlag.xcdatamodel */;
			path = GuessTheFlag.xcdatamodeld;
			sourceTree = "<group>";
			versionGroupType = wrapper.xcdatamodel;
		};
/* End XCVersionGroup section */
	};
	rootObject = A872FABB2864267300F15371 /* Project object */;
}
